{
    "_meta": {
        "hash": {
            "sha256": "1491c87d12433428c21da583afeff6bffb4ae09faf5ed9685f3f64d95c71c5c4"
        },
        "pipfile-spec": 6,
        "requires": {
            "python_version": "3.7"
        },
        "sources": [
            {
                "name": "pypi",
                "url": "https://pypi.python.org/simple",
                "verify_ssl": true
            }
        ]
    },
    "default": {
        "zc.buildout": {
            "hashes": [
                "sha256:3d14d07226963a517295dfad5879d2799e2e3b65b2c61c71b53cb80f5ab11484",
                "sha256:968e318d1a8c46acab0e5feddb16358fccc4f7f3c2a3b425a02f3471e2209570"
            ],
            "index": "pypi",
            "version": "==2.13.1"
        }
    },
    "develop": {}
}
